{
  "name": "solana-pay",
  "lockfileVersion": 2,
  "requires": true,
  "packages": {
    "": {
      "devDependencies": {
        "npm-run-proxy": "^1.0.2"
      }
    },
    "node_modules/command-exists": {
      "version": "1.2.9",
      "resolved": "https://registry.npmjs.org/command-exists/-/command-exists-1.2.9.tgz",
      "integrity": "sha512-LTQ/SGc+s0Xc0Fu5WaKnR0YiygZkm9eKFvyS+fRsU7/ZWFF8ykFM6Pc9aCVf1+xasOOZpO3BAVgVrKvsqKHV7w==",
      "dev": true
    },
    "node_modules/minimist": {
      "version": "1.2.8",
      "resolved": "https://registry.npmjs.org/minimist/-/minimist-1.2.8.tgz",
      "integrity": "sha512-2yyAR8qBkN3YuheJanUpWC5U3bb5osDywNB8RzDVlDwDHbocAJveqqj1u8+SVD7jkWT4yvsHCpWqqWqAxb0zCA==",
      "dev": true,
      "funding": {
        "url": "https://github.com/sponsors/ljharb"
      }
    },
    "node_modules/npm-run-proxy": {
      "version": "1.0.2",
      "resolved": "https://registry.npmjs.org/npm-run-proxy/-/npm-run-proxy-1.0.2.tgz",
      "integrity": "sha512-ZTkATfZnCTRgygKB7pvqs4vlSQ5foKXtg/8bjFBej1duxDc5xwk45I4O3ss0m14+HDTglr+xqyxK/Ua6BxXG2Q==",
      "dev": true,
      "dependencies": {
        "run-proxy": "latest"
      },
      "bin": {
        "run": "index.js"
      }
    },
    "node_modules/run-proxy": {
      "version": "1.0.1",
      "resolved": "https://registry.npmjs.org/run-proxy/-/run-proxy-1.0.1.tgz",
      "integrity": "sha512-Nqvtq/0iankksFhMaU0xdD2ULbIETJsNWEvz58TC9x7mVvOZKwg9xgGBxaI0eVVz34n9Ek2yZKvCohq1OZiD2w==",
      "dev": true,
      "dependencies": {
        "command-exists": "^1.0.2",
        "minimist": "^1.2.0"
      },
      "bin": {
        "run": "index.js"
      }
    }
  },
  "dependencies": {
    "command-exists": {
      "version": "1.2.9",
      "resolved": "https://registry.npmjs.org/command-exists/-/command-exists-1.2.9.tgz",
      "integrity": "sha512-LTQ/SGc+s0Xc0Fu5WaKnR0YiygZkm9eKFvyS+fRsU7/ZWFF8ykFM6Pc9aCVf1+xasOOZpO3BAVgVrKvsqKHV7w==",
      "dev": true
    },
    "minimist": {
      "version": "1.2.8",
      "resolved": "https://registry.npmjs.org/minimist/-/minimist-1.2.8.tgz",
      "integrity": "sha512-2yyAR8qBkN3YuheJanUpWC5U3bb5osDywNB8RzDVlDwDHbocAJveqqj1u8+SVD7jkWT4yvsHCpWqqWqAxb0zCA==",
      "dev": true
    },
    "npm-run-proxy": {
      "version": "1.0.2",
      "resolved": "https://registry.npmjs.org/npm-run-proxy/-/npm-run-proxy-1.0.2.tgz",
      "integrity": "sha512-ZTkATfZnCTRgygKB7pvqs4vlSQ5foKXtg/8bjFBej1duxDc5xwk45I4O3ss0m14+HDTglr+xqyxK/Ua6BxXG2Q==",
      "dev": true,
      "requires": {
        "run-proxy": "latest"
      }
    },
    "run-proxy": {
      "version": "1.0.1",
      "resolved": "https://registry.npmjs.org/run-proxy/-/run-proxy-1.0.1.tgz",
      "integrity": "sha512-Nqvtq/0iankksFhMaU0xdD2ULbIETJsNWEvz58TC9x7mVvOZKwg9xgGBxaI0eVVz34n9Ek2yZKvCohq1OZiD2w==",
      "dev": true,
      "requires": {
        "command-exists": "^1.0.2",
        "minimist": "^1.2.0"
      }
    }
  }
}
